
Microsoft Visual Studio Solution File, Format Version 12.00
# Visual Studio Version 17
VisualStudioVersion = 17.0.31903.59
MinimumVisualStudioVersion = 10.0.40219.1
Project("{9A19103F-16F7-4668-BE54-9A1E7A4F7556}") = "BFS.Client", "src\BFS.Client\BFS.Client.csproj", "{0F2548B5-4B54-4F43-8558-5E69E2BFA943}"
EndProject
Global
	GlobalSection(SolutionConfigurationPlatforms) = preSolution
		Debug|Any CPU = Debug|Any CPU
		Release|Any CPU = Release|Any CPU
	EndGlobalSection
	GlobalSection(ProjectConfigurationPlatforms) = postSolution
		{0F2548B5-4B54-4F43-8558-5E69E2BFA943}.Debug|Any CPU.ActiveCfg = Debug|Any CPU
		{0F2548B5-4B54-4F43-8558-5E69E2BFA943}.Debug|Any CPU.Build.0 = Debug|Any CPU
		{0F2548B5-4B54-4F43-8558-5E69E2BFA943}.Release|Any CPU.ActiveCfg = Release|Any CPU
		{0F2548B5-4B54-4F43-8558-5E69E2BFA943}.Release|Any CPU.Build.0 = Release|Any CPU
	EndGlobalSection
	GlobalSection(SolutionProperties) = preSolution
		HideSolutionNode = FALSE
	EndGlobalSection
	GlobalSection(ExtensibilityGlobals) = postSolution
		SolutionGuid = {8D762341-5F9F-4C0F-938A-150E81B2CB79}
	EndGlobalSection
EndGlobal
